id: noaa_hrpt_pll_cf
label: NOAA HRPT PLL
category: "[HRPT]/NOAA"

parameters:
    - id: alpha
      label: Alpha
      dtype: real
    - id: beta
      label: Beta
      dtype: real
    - id: max_offset
      label: Max Offset
      dtype: real

inputs:
    - domain: stream
      dtype: complex

outputs:
    - domain: stream
      dtype: float

templates:
    imports: import hrpt
    make: hrpt.noaa_hrpt_pll_cf(${alpha}, ${beta}, ${max_offset})

file_format: 1
