id: noaa_hrpt_decoder
label: NOAA HRPT Decoder
category: '[HRPT]/NOAA'

parameters:
-   id: verbose
    label: Verbose
    dtype: bool
-   id: output
    label: Output Files
    dtype: bool

inputs:
-   domain: stream
    dtype: short

templates:
    imports: import hrpt
    make: hrpt.hrpt_decoder(${verbose},${output})

file_format: 1
